// !$*UTF8*$!
{
	archiveVersion = 1;
	classes = {
	};
	objectVersion = 48;
	objects = {

/* Begin PBXBuildFile section */
		EA2FDC4F1FB5B0A60096A7F7 /* BinaryTree.m in Sources */ = {isa = PBXBuildFile; fileRef = EA2FDC4E1FB5B0A60096A7F7 /* BinaryTree.m */; };
		EA2FDC521FB5C3860096A7F7 /* BinaryTree+ISSiblingsAndCousins.m in Sources */ = {isa = PBXBuildFile; fileRef = EA2FDC511FB5C3860096A7F7 /* BinaryTree+ISSiblingsAndCousins.m */; };
		EA2FDC6D1FB60CCF0096A7F7 /* BinaryTree+PostOrder.m in Sources */ = {isa = PBXBuildFile; fileRef = EA2FDC6C1FB60CCF0096A7F7 /* BinaryTree+PostOrder.m */; };
		EA7CE2211FB47A51004F7A4A /* KadeAlgoMaxSumSubaaray.m in Sources */ = {isa = PBXBuildFile; fileRef = EA7CE2201FB47A51004F7A4A /* KadeAlgoMaxSumSubaaray.m */; };
		EABCDE771FB43C72000E90BA /* FilePeakElements.m in Sources */ = {isa = PBXBuildFile; fileRef = EABCDE761FB43C72000E90BA /* FilePeakElements.m */; };
		EABCDE7B1FB44745000E90BA /* FindElementInSortedRotatedArray.m in Sources */ = {isa = PBXBuildFile; fileRef = EABCDE7A1FB44745000E90BA /* FindElementInSortedRotatedArray.m */; };
		EAEE48CB1FB5679400ECA4F2 /* FindNextLargestElementInArray.m in Sources */ = {isa = PBXBuildFile; fileRef = EAEE48CA1FB5679400ECA4F2 /* FindNextLargestElementInArray.m */; };
		EAEE48CF1FB57A5300ECA4F2 /* FibnocciSeries.m in Sources */ = {isa = PBXBuildFile; fileRef = EAEE48CE1FB57A5300ECA4F2 /* FibnocciSeries.m */; };
		EAF247931FB368A600B10852 /* main.m in Sources */ = {isa = PBXBuildFile; fileRef = EAF247921FB368A600B10852 /* main.m */; };
		EAF247A01FB3690500B10852 /* BinarySearchInSortedArray.m in Sources */ = {isa = PBXBuildFile; fileRef = EAF2479F1FB368FC00B10852 /* BinarySearchInSortedArray.m */; };
		EAF247A41FB36DDA00B10852 /* GeneratePermutations.m in Sources */ = {isa = PBXBuildFile; fileRef = EAF247A31FB36DDA00B10852 /* GeneratePermutations.m */; };
/* End PBXBuildFile section */

/* Begin PBXCopyFilesBuildPhase section */
		EAF2478D1FB368A600B10852 /* CopyFiles */ = {
			isa = PBXCopyFilesBuildPhase;
			buildActionMask = 2147483647;
			dstPath = /usr/share/man/man1/;
			dstSubfolderSpec = 0;
			files = (
			);
			runOnlyForDeploymentPostprocessing = 1;
		};
/* End PBXCopyFilesBuildPhase section */

/* Begin PBXFileReference section */
		EA2FDC4D1FB5B0A60096A7F7 /* BinaryTree.h */ = {isa = PBXFileReference; lastKnownFileType = sourcecode.c.h; path = BinaryTree.h; sourceTree = "<group>"; };
		EA2FDC4E1FB5B0A60096A7F7 /* BinaryTree.m */ = {isa = PBXFileReference; lastKnownFileType = sourcecode.c.objc; path = BinaryTree.m; sourceTree = "<group>"; };
		EA2FDC501FB5C3860096A7F7 /* BinaryTree+ISSiblingsAndCousins.h */ = {isa = PBXFileReference; lastKnownFileType = sourcecode.c.h; path = "BinaryTree+ISSiblingsAndCousins.h"; sourceTree = "<group>"; };
		EA2FDC511FB5C3860096A7F7 /* BinaryTree+ISSiblingsAndCousins.m */ = {isa = PBXFileReference; lastKnownFileType = sourcecode.c.objc; path = "BinaryTree+ISSiblingsAndCousins.m"; sourceTree = "<group>"; };
		EA2FDC6B1FB60CCF0096A7F7 /* BinaryTree+PostOrder.h */ = {isa = PBXFileReference; lastKnownFileType = sourcecode.c.h; path = "BinaryTree+PostOrder.h"; sourceTree = "<group>"; };
		EA2FDC6C1FB60CCF0096A7F7 /* BinaryTree+PostOrder.m */ = {isa = PBXFileReference; lastKnownFileType = sourcecode.c.objc; path = "BinaryTree+PostOrder.m"; sourceTree = "<group>"; };
		EA7CE21F1FB47A51004F7A4A /* KadeAlgoMaxSumSubaaray.h */ = {isa = PBXFileReference; lastKnownFileType = sourcecode.c.h; path = KadeAlgoMaxSumSubaaray.h; sourceTree = "<group>"; };
		EA7CE2201FB47A51004F7A4A /* KadeAlgoMaxSumSubaaray.m */ = {isa = PBXFileReference; lastKnownFileType = sourcecode.c.objc; path = KadeAlgoMaxSumSubaaray.m; sourceTree = "<group>"; };
		EABCDE751FB43C72000E90BA /* FilePeakElements.h */ = {isa = PBXFileReference; lastKnownFileType = sourcecode.c.h; path = FilePeakElements.h; sourceTree = "<group>"; };
		EABCDE761FB43C72000E90BA /* FilePeakElements.m */ = {isa = PBXFileReference; lastKnownFileType = sourcecode.c.objc; path = FilePeakElements.m; sourceTree = "<group>"; };
		EABCDE791FB44745000E90BA /* FindElementInSortedRotatedArray.h */ = {isa = PBXFileReference; lastKnownFileType = sourcecode.c.h; path = FindElementInSortedRotatedArray.h; sourceTree = "<group>"; };
		EABCDE7A1FB44745000E90BA /* FindElementInSortedRotatedArray.m */ = {isa = PBXFileReference; lastKnownFileType = sourcecode.c.objc; path = FindElementInSortedRotatedArray.m; sourceTree = "<group>"; };
		EAEE48C91FB5679400ECA4F2 /* FindNextLargestElementInArray.h */ = {isa = PBXFileReference; lastKnownFileType = sourcecode.c.h; path = FindNextLargestElementInArray.h; sourceTree = "<group>"; };
		EAEE48CA1FB5679400ECA4F2 /* FindNextLargestElementInArray.m */ = {isa = PBXFileReference; lastKnownFileType = sourcecode.c.objc; path = FindNextLargestElementInArray.m; sourceTree = "<group>"; };
		EAEE48CD1FB57A5300ECA4F2 /* FibnocciSeries.h */ = {isa = PBXFileReference; lastKnownFileType = sourcecode.c.h; path = FibnocciSeries.h; sourceTree = "<group>"; };
		EAEE48CE1FB57A5300ECA4F2 /* FibnocciSeries.m */ = {isa = PBXFileReference; lastKnownFileType = sourcecode.c.objc; path = FibnocciSeries.m; sourceTree = "<group>"; };
		EAF2478F1FB368A600B10852 /* AlgoritmsInObjective-C */ = {isa = PBXFileReference; explicitFileType = "compiled.mach-o.executable"; includeInIndex = 0; path = "AlgoritmsInObjective-C"; sourceTree = BUILT_PRODUCTS_DIR; };
		EAF247921FB368A600B10852 /* main.m */ = {isa = PBXFileReference; lastKnownFileType = sourcecode.c.objc; path = main.m; sourceTree = "<group>"; };
		EAF2479E1FB368FC00B10852 /* BinarySearchInSortedArray.h */ = {isa = PBXFileReference; lastKnownFileType = sourcecode.c.h; path = BinarySearchInSortedArray.h; sourceTree = "<group>"; };
		EAF2479F1FB368FC00B10852 /* BinarySearchInSortedArray.m */ = {isa = PBXFileReference; lastKnownFileType = sourcecode.c.objc; path = BinarySearchInSortedArray.m; sourceTree = "<group>"; };
		EAF247A21FB36DDA00B10852 /* GeneratePermutations.h */ = {isa = PBXFileReference; lastKnownFileType = sourcecode.c.h; path = GeneratePermutations.h; sourceTree = "<group>"; };
		EAF247A31FB36DDA00B10852 /* GeneratePermutations.m */ = {isa = PBXFileReference; lastKnownFileType = sourcecode.c.objc; path = GeneratePermutations.m; sourceTree = "<group>"; };
/* End PBXFileReference section */

/* Begin PBXFrameworksBuildPhase section */
		EAF2478C1FB368A600B10852 /* Frameworks */ = {
			isa = PBXFrameworksBuildPhase;
			buildActionMask = 2147483647;
			files = (
			);
			runOnlyForDeploymentPostprocessing = 0;
		};
/* End PBXFrameworksBuildPhase section */

/* Begin PBXGroup section */
		EA2FDC4C1FB5B0980096A7F7 /* BST_Implementation */ = {
			isa = PBXGroup;
			children = (
				EA2FDC4D1FB5B0A60096A7F7 /* BinaryTree.h */,
				EA2FDC4E1FB5B0A60096A7F7 /* BinaryTree.m */,
				EA2FDC501FB5C3860096A7F7 /* BinaryTree+ISSiblingsAndCousins.h */,
				EA2FDC511FB5C3860096A7F7 /* BinaryTree+ISSiblingsAndCousins.m */,
				EA2FDC6B1FB60CCF0096A7F7 /* BinaryTree+PostOrder.h */,
				EA2FDC6C1FB60CCF0096A7F7 /* BinaryTree+PostOrder.m */,
			);
			path = BST_Implementation;
			sourceTree = "<group>";
		};
		EA7CE21E1FB47A33004F7A4A /* KadeAlgo_SubarrayWithMaxSum */ = {
			isa = PBXGroup;
			children = (
				EA7CE21F1FB47A51004F7A4A /* KadeAlgoMaxSumSubaaray.h */,
				EA7CE2201FB47A51004F7A4A /* KadeAlgoMaxSumSubaaray.m */,
			);
			path = KadeAlgo_SubarrayWithMaxSum;
			sourceTree = "<group>";
		};
		EABCDE741FB43C48000E90BA /* FindPeakElemntsInArray */ = {
			isa = PBXGroup;
			children = (
				EABCDE751FB43C72000E90BA /* FilePeakElements.h */,
				EABCDE761FB43C72000E90BA /* FilePeakElements.m */,
			);
			path = FindPeakElemntsInArray;
			sourceTree = "<group>";
		};
		EABCDE781FB44721000E90BA /* FindElementInSortedRotatedArray */ = {
			isa = PBXGroup;
			children = (
				EABCDE791FB44745000E90BA /* FindElementInSortedRotatedArray.h */,
				EABCDE7A1FB44745000E90BA /* FindElementInSortedRotatedArray.m */,
			);
			path = FindElementInSortedRotatedArray;
			sourceTree = "<group>";
		};
		EAEE48C81FB5677200ECA4F2 /* FindNextLargestElementInArray */ = {
			isa = PBXGroup;
			children = (
				EAEE48C91FB5679400ECA4F2 /* FindNextLargestElementInArray.h */,
				EAEE48CA1FB5679400ECA4F2 /* FindNextLargestElementInArray.m */,
			);
			path = FindNextLargestElementInArray;
			sourceTree = "<group>";
		};
		EAEE48CC1FB57A3B00ECA4F2 /* FibnocciNumberSeries */ = {
			isa = PBXGroup;
			children = (
				EAEE48CD1FB57A5300ECA4F2 /* FibnocciSeries.h */,
				EAEE48CE1FB57A5300ECA4F2 /* FibnocciSeries.m */,
			);
			path = FibnocciNumberSeries;
			sourceTree = "<group>";
		};
		EAF247861FB368A600B10852 = {
			isa = PBXGroup;
			children = (
				EAF247911FB368A600B10852 /* AlgoritmsInObjective-C */,
				EAF247901FB368A600B10852 /* Products */,
			);
			sourceTree = "<group>";
		};
		EAF247901FB368A600B10852 /* Products */ = {
			isa = PBXGroup;
			children = (
				EAF2478F1FB368A600B10852 /* AlgoritmsInObjective-C */,
			);
			name = Products;
			sourceTree = "<group>";
		};
		EAF247911FB368A600B10852 /* AlgoritmsInObjective-C */ = {
			isa = PBXGroup;
			children = (
				EA2FDC4C1FB5B0980096A7F7 /* BST_Implementation */,
				EAEE48CC1FB57A3B00ECA4F2 /* FibnocciNumberSeries */,
				EAEE48C81FB5677200ECA4F2 /* FindNextLargestElementInArray */,
				EA7CE21E1FB47A33004F7A4A /* KadeAlgo_SubarrayWithMaxSum */,
				EABCDE781FB44721000E90BA /* FindElementInSortedRotatedArray */,
				EABCDE741FB43C48000E90BA /* FindPeakElemntsInArray */,
				EAF247921FB368A600B10852 /* main.m */,
				EAF247A11FB36DC900B10852 /* GeneratePermutations */,
				EAF2479D1FB368FC00B10852 /* BinarySearchInSortedArray */,
			);
			path = "AlgoritmsInObjective-C";
			sourceTree = "<group>";
		};
		EAF2479D1FB368FC00B10852 /* BinarySearchInSortedArray */ = {
			isa = PBXGroup;
			children = (
				EAF2479E1FB368FC00B10852 /* BinarySearchInSortedArray.h */,
				EAF2479F1FB368FC00B10852 /* BinarySearchInSortedArray.m */,
			);
			path = BinarySearchInSortedArray;
			sourceTree = "<group>";
		};
		EAF247A11FB36DC900B10852 /* GeneratePermutations */ = {
			isa = PBXGroup;
			children = (
				EAF247A21FB36DDA00B10852 /* GeneratePermutations.h */,
				EAF247A31FB36DDA00B10852 /* GeneratePermutations.m */,
			);
			path = GeneratePermutations;
			sourceTree = "<group>";
		};
/* End PBXGroup section */

/* Begin PBXNativeTarget section */
		EAF2478E1FB368A600B10852 /* AlgoritmsInObjective-C */ = {
			isa = PBXNativeTarget;
			buildConfigurationList = EAF247961FB368A600B10852 /* Build configuration list for PBXNativeTarget "AlgoritmsInObjective-C" */;
			buildPhases = (
				EAF2478B1FB368A600B10852 /* Sources */,
				EAF2478C1FB368A600B10852 /* Frameworks */,
				EAF2478D1FB368A600B10852 /* CopyFiles */,
			);
			buildRules = (
			);
			dependencies = (
			);
			name = "AlgoritmsInObjective-C";
			productName = "AlgoritmsInObjective-C";
			productReference = EAF2478F1FB368A600B10852 /* AlgoritmsInObjective-C */;
			productType = "com.apple.product-type.tool";
		};
/* End PBXNativeTarget section */

/* Begin PBXProject section */
		EAF247871FB368A600B10852 /* Project object */ = {
			isa = PBXProject;
			attributes = {
				LastUpgradeCheck = 0900;
				ORGANIZATIONNAME = Satendra;
				TargetAttributes = {
					EAF2478E1FB368A600B10852 = {
						CreatedOnToolsVersion = 9.0;
						ProvisioningStyle = Automatic;
					};
				};
			};
			buildConfigurationList = EAF2478A1FB368A600B10852 /* Build configuration list for PBXProject "AlgoritmsInObjective-C" */;
			compatibilityVersion = "Xcode 8.0";
			developmentRegion = en;
			hasScannedForEncodings = 0;
			knownRegions = (
				en,
			);
			mainGroup = EAF247861FB368A600B10852;
			productRefGroup = EAF247901FB368A600B10852 /* Products */;
			projectDirPath = "";
			projectRoot = "";
			targets = (
				EAF2478E1FB368A600B10852 /* AlgoritmsInObjective-C */,
			);
		};
/* End PBXProject section */

/* Begin PBXSourcesBuildPhase section */
		EAF2478B1FB368A600B10852 /* Sources */ = {
			isa = PBXSourcesBuildPhase;
			buildActionMask = 2147483647;
			files = (
				EAF247A01FB3690500B10852 /* BinarySearchInSortedArray.m in Sources */,
				EA2FDC4F1FB5B0A60096A7F7 /* BinaryTree.m in Sources */,
				EA2FDC521FB5C3860096A7F7 /* BinaryTree+ISSiblingsAndCousins.m in Sources */,
				EAF247A41FB36DDA00B10852 /* GeneratePermutations.m in Sources */,
				EAEE48CB1FB5679400ECA4F2 /* FindNextLargestElementInArray.m in Sources */,
				EAEE48CF1FB57A5300ECA4F2 /* FibnocciSeries.m in Sources */,
				EA7CE2211FB47A51004F7A4A /* KadeAlgoMaxSumSubaaray.m in Sources */,
				EAF247931FB368A600B10852 /* main.m in Sources */,
				EABCDE7B1FB44745000E90BA /* FindElementInSortedRotatedArray.m in Sources */,
				EABCDE771FB43C72000E90BA /* FilePeakElements.m in Sources */,
				EA2FDC6D1FB60CCF0096A7F7 /* BinaryTree+PostOrder.m in Sources */,
			);
			runOnlyForDeploymentPostprocessing = 0;
		};
/* End PBXSourcesBuildPhase section */

/* Begin XCBuildConfiguration section */
		EAF247941FB368A600B10852 /* Debug */ = {
			isa = XCBuildConfiguration;
			buildSettings = {
				ALWAYS_SEARCH_USER_PATHS = NO;
				CLANG_ANALYZER_NONNULL = YES;
				CLANG_ANALYZER_NUMBER_OBJECT_CONVERSION = YES_AGGRESSIVE;
				CLANG_CXX_LANGUAGE_STANDARD = "gnu++14";
				CLANG_CXX_LIBRARY = "libc++";
				CLANG_ENABLE_MODULES = YES;
				CLANG_ENABLE_OBJC_ARC = YES;
				CLANG_WARN_BLOCK_CAPTURE_AUTORELEASING = YES;
				CLANG_WARN_BOOL_CONVERSION = YES;
				CLANG_WARN_COMMA = YES;
				CLANG_WARN_CONSTANT_CONVERSION = YES;
				CLANG_WARN_DIRECT_OBJC_ISA_USAGE = YES_ERROR;
				CLANG_WARN_DOCUMENTATION_COMMENTS = YES;
				CLANG_WARN_EMPTY_BODY = YES;
				CLANG_WARN_ENUM_CONVERSION = YES;
				CLANG_WARN_INFINITE_RECURSION = YES;
				CLANG_WARN_INT_CONVERSION = YES;
				CLANG_WARN_NON_LITERAL_NULL_CONVERSION = YES;
				CLANG_WARN_OBJC_LITERAL_CONVERSION = YES;
				CLANG_WARN_OBJC_ROOT_CLASS = YES_ERROR;
				CLANG_WARN_RANGE_LOOP_ANALYSIS = YES;
				CLANG_WARN_STRICT_PROTOTYPES = YES;
				CLANG_WARN_SUSPICIOUS_MOVE = YES;
				CLANG_WARN_UNGUARDED_AVAILABILITY = YES_AGGRESSIVE;
				CLANG_WARN_UNREACHABLE_CODE = YES;
				CLANG_WARN__DUPLICATE_METHOD_MATCH = YES;
				CODE_SIGN_IDENTITY = "-";
				COPY_PHASE_STRIP = NO;
				DEBUG_INFORMATION_FORMAT = dwarf;
				ENABLE_STRICT_OBJC_MSGSEND = YES;
				ENABLE_TESTABILITY = YES;
				GCC_C_LANGUAGE_STANDARD = gnu11;
				GCC_DYNAMIC_NO_PIC = NO;
				GCC_NO_COMMON_BLOCKS = YES;
				GCC_OPTIMIZATION_LEVEL = 0;
				GCC_PREPROCESSOR_DEFINITIONS = (
					"DEBUG=1",
					"$(inherited)",
				);
				GCC_WARN_64_TO_32_BIT_CONVERSION = YES;
				GCC_WARN_ABOUT_RETURN_TYPE = YES_ERROR;
				GCC_WARN_UNDECLARED_SELECTOR = YES;
				GCC_WARN_UNINITIALIZED_AUTOS = YES_AGGRESSIVE;
				GCC_WARN_UNUSED_FUNCTION = YES;
				GCC_WARN_UNUSED_VARIABLE = YES;
				MACOSX_DEPLOYMENT_TARGET = 10.12;
				MTL_ENABLE_DEBUG_INFO = YES;
				ONLY_ACTIVE_ARCH = YES;
				SDKROOT = macosx;
			};
			name = Debug;
		};
		EAF247951FB368A600B10852 /* Release */ = {
			isa = XCBuildConfiguration;
			buildSettings = {
				ALWAYS_SEARCH_USER_PATHS = NO;
				CLANG_ANALYZER_NONNULL = YES;
				CLANG_ANALYZER_NUMBER_OBJECT_CONVERSION = YES_AGGRESSIVE;
				CLANG_CXX_LANGUAGE_STANDARD = "gnu++14";
				CLANG_CXX_LIBRARY = "libc++";
				CLANG_ENABLE_MODULES = YES;
				CLANG_ENABLE_OBJC_ARC = YES;
				CLANG_WARN_BLOCK_CAPTURE_AUTORELEASING = YES;
				CLANG_WARN_BOOL_CONVERSION = YES;
				CLANG_WARN_COMMA = YES;
				CLANG_WARN_CONSTANT_CONVERSION = YES;
				CLANG_WARN_DIRECT_OBJC_ISA_USAGE = YES_ERROR;
				CLANG_WARN_DOCUMENTATION_COMMENTS = YES;
				CLANG_WARN_EMPTY_BODY = YES;
				CLANG_WARN_ENUM_CONVERSION = YES;
				CLANG_WARN_INFINITE_RECURSION = YES;
				CLANG_WARN_INT_CONVERSION = YES;
				CLANG_WARN_NON_LITERAL_NULL_CONVERSION = YES;
				CLANG_WARN_OBJC_LITERAL_CONVERSION = YES;
				CLANG_WARN_OBJC_ROOT_CLASS = YES_ERROR;
				CLANG_WARN_RANGE_LOOP_ANALYSIS = YES;
				CLANG_WARN_STRICT_PROTOTYPES = YES;
				CLANG_WARN_SUSPICIOUS_MOVE = YES;
				CLANG_WARN_UNGUARDED_AVAILABILITY = YES_AGGRESSIVE;
				CLANG_WARN_UNREACHABLE_CODE = YES;
				CLANG_WARN__DUPLICATE_METHOD_MATCH = YES;
				CODE_SIGN_IDENTITY = "-";
				COPY_PHASE_STRIP = NO;
				DEBUG_INFORMATION_FORMAT = "dwarf-with-dsym";
				ENABLE_NS_ASSERTIONS = NO;
				ENABLE_STRICT_OBJC_MSGSEND = YES;
				GCC_C_LANGUAGE_STANDARD = gnu11;
				GCC_NO_COMMON_BLOCKS = YES;
				GCC_WARN_64_TO_32_BIT_CONVERSION = YES;
				GCC_WARN_ABOUT_RETURN_TYPE = YES_ERROR;
				GCC_WARN_UNDECLARED_SELECTOR = YES;
				GCC_WARN_UNINITIALIZED_AUTOS = YES_AGGRESSIVE;
				GCC_WARN_UNUSED_FUNCTION = YES;
				GCC_WARN_UNUSED_VARIABLE = YES;
				MACOSX_DEPLOYMENT_TARGET = 10.12;
				MTL_ENABLE_DEBUG_INFO = NO;
				SDKROOT = macosx;
			};
			name = Release;
		};
		EAF247971FB368A600B10852 /* Debug */ = {
			isa = XCBuildConfiguration;
			buildSettings = {
				CODE_SIGN_STYLE = Automatic;
				PRODUCT_NAME = "$(TARGET_NAME)";
			};
			name = Debug;
		};
		EAF247981FB368A600B10852 /* Release */ = {
			isa = XCBuildConfiguration;
			buildSettings = {
				CODE_SIGN_STYLE = Automatic;
				PRODUCT_NAME = "$(TARGET_NAME)";
			};
			name = Release;
		};
/* End XCBuildConfiguration section */

/* Begin XCConfigurationList section */
		EAF2478A1FB368A600B10852 /* Build configuration list for PBXProject "AlgoritmsInObjective-C" */ = {
			isa = XCConfigurationList;
			buildConfigurations = (
				EAF247941FB368A600B10852 /* Debug */,
				EAF247951FB368A600B10852 /* Release */,
			);
			defaultConfigurationIsVisible = 0;
			defaultConfigurationName = Release;
		};
		EAF247961FB368A600B10852 /* Build configuration list for PBXNativeTarget "AlgoritmsInObjective-C" */ = {
			isa = XCConfigurationList;
			buildConfigurations = (
				EAF247971FB368A600B10852 /* Debug */,
				EAF247981FB368A600B10852 /* Release */,
			);
			defaultConfigurationIsVisible = 0;
			defaultConfigurationName = Release;
		};
/* End XCConfigurationList section */
	};
	rootObject = EAF247871FB368A600B10852 /* Project object */;
}
